
Microsoft Visual Studio Solution File, Format Version 12.00
# Visual Studio 14
VisualStudioVersion = 14.0.25420.1
MinimumVisualStudioVersion = 10.0.40219.1
Project("{FAE04EC0-301F-11D3-BF4B-00C04F79EFBC}") = "WebShopUserControls", "WebShopUserControls\WebShopUserControls.csproj", "{DED2BB40-3783-4FFE-825A-43D72852F7E3}"
EndProject
Global
	GlobalSection(SolutionConfigurationPlatforms) = preSolution
		Debug|Any CPU = Debug|Any CPU
		Release|Any CPU = Release|Any CPU
	EndGlobalSection
	GlobalSection(ProjectConfigurationPlatforms) = postSolution
		{DED2BB40-3783-4FFE-825A-43D72852F7E3}.Debug|Any CPU.ActiveCfg = Debug|Any CPU
		{DED2BB40-3783-4FFE-825A-43D72852F7E3}.Debug|Any CPU.Build.0 = Debug|Any CPU
		{DED2BB40-3783-4FFE-825A-43D72852F7E3}.Release|Any CPU.ActiveCfg = Release|Any CPU
		{DED2BB40-3783-4FFE-825A-43D72852F7E3}.Release|Any CPU.Build.0 = Release|Any CPU
	EndGlobalSection
	GlobalSection(SolutionProperties) = preSolution
		HideSolutionNode = FALSE
	EndGlobalSection
EndGlobal
